
Microsoft Visual Studio Solution File, Format Version 12.00
Project("{FAE04EC0-301F-11D3-BF4B-00C04F79EFBC}") = "IdentityIssuer.Web", "IdentityIssuer.Web\IdentityIssuer.Web.csproj", "{6DDB48DE-D02D-475F-B361-5CBA3EA0C89E}"
EndProject
Project("{2150E333-8FDC-42A3-9474-1A3956D46DE8}") = ".SolutionItems", ".SolutionItems", "{3DAFEDF3-7129-4896-98BF-FDD7149798D4}"
ProjectSection(SolutionItems) = preProject
	.gitignore = .gitignore
	Readme.md = Readme.md
EndProjectSection
EndProject
Global
	GlobalSection(SolutionConfigurationPlatforms) = preSolution
		Debug|Any CPU = Debug|Any CPU
		Release|Any CPU = Release|Any CPU
	EndGlobalSection
	GlobalSection(ProjectConfigurationPlatforms) = postSolution
		{6DDB48DE-D02D-475F-B361-5CBA3EA0C89E}.Debug|Any CPU.ActiveCfg = Debug|Any CPU
		{6DDB48DE-D02D-475F-B361-5CBA3EA0C89E}.Debug|Any CPU.Build.0 = Debug|Any CPU
		{6DDB48DE-D02D-475F-B361-5CBA3EA0C89E}.Release|Any CPU.ActiveCfg = Release|Any CPU
		{6DDB48DE-D02D-475F-B361-5CBA3EA0C89E}.Release|Any CPU.Build.0 = Release|Any CPU
	EndGlobalSection
EndGlobal
